Microsoft Visual Studio Solution File, Format Version 12.00
# Visual Studio Version 17
VisualStudioVersion = 17.5.2.0
MinimumVisualStudioVersion = 10.0.40219.1
Project("{FAE04EC0-301F-11D3-BF4B-00C04F79EFBC}") = "To-Do_Project", "To-Do_Project.csproj", "{8DF3055A-ABFF-4E22-DAAE-2300267C476B}"
EndProject
Global
	GlobalSection(SolutionConfigurationPlatforms) = preSolution
		Debug|Any CPU = Debug|Any CPU
		Release|Any CPU = Release|Any CPU
	EndGlobalSection
	GlobalSection(ProjectConfigurationPlatforms) = postSolution
		{8DF3055A-ABFF-4E22-DAAE-2300267C476B}.Debug|Any CPU.ActiveCfg = Debug|Any CPU
		{8DF3055A-ABFF-4E22-DAAE-2300267C476B}.Debug|Any CPU.Build.0 = Debug|Any CPU
		{8DF3055A-ABFF-4E22-DAAE-2300267C476B}.Release|Any CPU.ActiveCfg = Release|Any CPU
		{8DF3055A-ABFF-4E22-DAAE-2300267C476B}.Release|Any CPU.Build.0 = Release|Any CPU
	EndGlobalSection
	GlobalSection(SolutionProperties) = preSolution
		HideSolutionNode = FALSE
	EndGlobalSection
	GlobalSection(ExtensibilityGlobals) = postSolution
		SolutionGuid = {451F702A-8553-43AF-AED6-42C25F1A53AD}
	EndGlobalSection
EndGlobal
